
Microsoft Visual Studio Solution File, Format Version 12.00
# Visual Studio Version 17
VisualStudioVersion = 17.0.32014.148
MinimumVisualStudioVersion = 10.0.40219.1
Project("{FAE04EC0-301F-11D3-BF4B-00C04F79EFBC}") = "RPG", "RPG\RPG.csproj", "{EDF5EE73-06DD-4710-8BB2-E2D1275958EE}"
EndProject
Global
	GlobalSection(SolutionConfigurationPlatforms) = preSolution
		Debug|Any CPU = Debug|Any CPU
		Release|Any CPU = Release|Any CPU
	EndGlobalSection
	GlobalSection(ProjectConfigurationPlatforms) = postSolution
		{EDF5EE73-06DD-4710-8BB2-E2D1275958EE}.Debug|Any CPU.ActiveCfg = Debug|Any CPU
		{EDF5EE73-06DD-4710-8BB2-E2D1275958EE}.Debug|Any CPU.Build.0 = Debug|Any CPU
		{EDF5EE73-06DD-4710-8BB2-E2D1275958EE}.Release|Any CPU.ActiveCfg = Release|Any CPU
		{EDF5EE73-06DD-4710-8BB2-E2D1275958EE}.Release|Any CPU.Build.0 = Release|Any CPU
	EndGlobalSection
	GlobalSection(SolutionProperties) = preSolution
		HideSolutionNode = FALSE
	EndGlobalSection
	GlobalSection(ExtensibilityGlobals) = postSolution
		SolutionGuid = {7A08DCB8-6C9B-4D02-9F90-3C10C118174A}
	EndGlobalSection
EndGlobal
